
Microsoft Visual Studio Solution File, Format Version 12.00
# Visual Studio 15
VisualStudioVersion = 15.0.26730.16
MinimumVisualStudioVersion = 10.0.40219.1
Project("{FAE04EC0-301F-11D3-BF4B-00C04F79EFBC}") = "WebSocketServer", "HTTPServer\WebSocketServer.csproj", "{F14AE0A6-9114-49CE-B185-BDD5F11EC73D}"
EndProject
Project("{FAE04EC0-301F-11D3-BF4B-00C04F79EFBC}") = "WebSocketClient", "WebSocketClient\WebSocketClient.csproj", "{15113FAF-4F25-424A-934E-A190DF601E6F}"
EndProject
Project("{FAE04EC0-301F-11D3-BF4B-00C04F79EFBC}") = "WebSocketClientConsole", "WebSocketClientConsole\WebSocketClientConsole.csproj", "{9C8A77A8-C15B-4D31-AA3F-D2554B95C8C6}"
EndProject
Global
	GlobalSection(SolutionConfigurationPlatforms) = preSolution
		Debug|Any CPU = Debug|Any CPU
		Release|Any CPU = Release|Any CPU
	EndGlobalSection
	GlobalSection(ProjectConfigurationPlatforms) = postSolution
		{F14AE0A6-9114-49CE-B185-BDD5F11EC73D}.Debug|Any CPU.ActiveCfg = Debug|Any CPU
		{F14AE0A6-9114-49CE-B185-BDD5F11EC73D}.Debug|Any CPU.Build.0 = Debug|Any CPU
		{F14AE0A6-9114-49CE-B185-BDD5F11EC73D}.Release|Any CPU.ActiveCfg = Release|Any CPU
		{F14AE0A6-9114-49CE-B185-BDD5F11EC73D}.Release|Any CPU.Build.0 = Release|Any CPU
		{15113FAF-4F25-424A-934E-A190DF601E6F}.Debug|Any CPU.ActiveCfg = Debug|Any CPU
		{15113FAF-4F25-424A-934E-A190DF601E6F}.Debug|Any CPU.Build.0 = Debug|Any CPU
		{15113FAF-4F25-424A-934E-A190DF601E6F}.Release|Any CPU.ActiveCfg = Release|Any CPU
		{15113FAF-4F25-424A-934E-A190DF601E6F}.Release|Any CPU.Build.0 = Release|Any CPU
		{9C8A77A8-C15B-4D31-AA3F-D2554B95C8C6}.Debug|Any CPU.ActiveCfg = Debug|Any CPU
		{9C8A77A8-C15B-4D31-AA3F-D2554B95C8C6}.Debug|Any CPU.Build.0 = Debug|Any CPU
		{9C8A77A8-C15B-4D31-AA3F-D2554B95C8C6}.Release|Any CPU.ActiveCfg = Release|Any CPU
		{9C8A77A8-C15B-4D31-AA3F-D2554B95C8C6}.Release|Any CPU.Build.0 = Release|Any CPU
	EndGlobalSection
	GlobalSection(SolutionProperties) = preSolution
		HideSolutionNode = FALSE
	EndGlobalSection
	GlobalSection(ExtensibilityGlobals) = postSolution
		SolutionGuid = {7B96F3A0-1BDE-44F7-9299-8B3423F709F6}
	EndGlobalSection
EndGlobal
